// !$*UTF8*$!
{
	archiveVersion = 1;
	classes = {
	};
	objectVersion = 50;
	objects = {

/* Begin PBXBuildFile section */
		67F3FAB22475CDD200C13E82 /* AppDelegate.swift in Sources */ = {isa = PBXBuildFile; fileRef = 67F3FAB12475CDD200C13E82 /* AppDelegate.swift */; };
		67F3FAB42475CDD200C13E82 /* SceneDelegate.swift in Sources */ = {isa = PBXBuildFile; fileRef = 67F3FAB32475CDD200C13E82 /* SceneDelegate.swift */; };
		67F3FAB62475CDD200C13E82 /* ViewController.swift in Sources */ = {isa = PBXBuildFile; fileRef = 67F3FAB52475CDD200C13E82 /* ViewController.swift */; };
		67F3FAB92475CDD200C13E82 /* Main.storyboard in Resources */ = {isa = PBXBuildFile; fileRef = 67F3FAB72475CDD200C13E82 /* Main.storyboard */; };
		67F3FABB2475CDD600C13E82 /* Assets.xcassets in Resources */ = {isa = PBXBuildFile; fileRef = 67F3FABA2475CDD600C13E82 /* Assets.xcassets */; };
		67F3FABE2475CDD600C13E82 /* LaunchScreen.storyboard in Resources */ = {isa = PBXBuildFile; fileRef = 67F3FABC2475CDD600C13E82 /* LaunchScreen.storyboard */; };
		67F3FAC62476C0C900C13E82 /* LocalNotification.swift in Sources */ = {isa = PBXBuildFile; fileRef = 67F3FAC52476C0C900C13E82 /* LocalNotification.swift */; };
/* End PBXBuildFile section */

/* Begin PBXFileReference section */
		67F3FAAE2475CDD200C13E82 /* RemindMeToday.app */ = {isa = PBXFileReference; explicitFileType = wrapper.application; includeInIndex = 0; path = RemindMeToday.app; sourceTree = BUILT_PRODUCTS_DIR; };
		67F3FAB12475CDD200C13E82 /* AppDelegate.swift */ = {isa = PBXFileReference; lastKnownFileType = sourcecode.swift; path = AppDelegate.swift; sourceTree = "<group>"; };
		67F3FAB32475CDD200C13E82 /* SceneDelegate.swift */ = {isa = PBXFileReference; lastKnownFileType = sourcecode.swift; path = SceneDelegate.swift; sourceTree = "<group>"; };
		67F3FAB52475CDD200C13E82 /* ViewController.swift */ = {isa = PBXFileReference; lastKnownFileType = sourcecode.swift; path = ViewController.swift; sourceTree = "<group>"; };
		67F3FAB82475CDD200C13E82 /* Base */ = {isa = PBXFileReference; lastKnownFileType = file.storyboard; name = Base; path = Base.lproj/Main.storyboard; sourceTree = "<group>"; };
		67F3FABA2475CDD600C13E82 /* Assets.xcassets */ = {isa = PBXFileReference; lastKnownFileType = folder.assetcatalog; path = Assets.xcassets; sourceTree = "<group>"; };
		67F3FABD2475CDD600C13E82 /* Base */ = {isa = PBXFileReference; lastKnownFileType = file.storyboard; name = Base; path = Base.lproj/LaunchScreen.storyboard; sourceTree = "<group>"; };
		67F3FABF2475CDD600C13E82 /* Info.plist */ = {isa = PBXFileReference; lastKnownFileType = text.plist.xml; path = Info.plist; sourceTree = "<group>"; };
		67F3FAC52476C0C900C13E82 /* LocalNotification.swift */ = {isa = PBXFileReference; lastKnownFileType = sourcecode.swift; path = LocalNotification.swift; sourceTree = "<group>"; };
/* End PBXFileReference section */

/* Begin PBXFrameworksBuildPhase section */
		67F3FAAB2475CDD200C13E82 /* Frameworks */ = {
			isa = PBXFrameworksBuildPhase;
			buildActionMask = 2147483647;
			files = (
			);
			runOnlyForDeploymentPostprocessing = 0;
		};
/* End PBXFrameworksBuildPhase section */

/* Begin PBXGroup section */
		67F3FAA52475CDD200C13E82 = {
			isa = PBXGroup;
			children = (
				67F3FAB02475CDD200C13E82 /* MyIOS-Teste */,
				67F3FAAF2475CDD200C13E82 /* Products */,
			);
			sourceTree = "<group>";
		};
		67F3FAAF2475CDD200C13E82 /* Products */ = {
			isa = PBXGroup;
			children = (
				67F3FAAE2475CDD200C13E82 /* RemindMeToday.app */,
			);
			name = Products;
			sourceTree = "<group>";
		};
		67F3FAB02475CDD200C13E82 /* MyIOS-Teste */ = {
			isa = PBXGroup;
			children = (
				67F3FAB12475CDD200C13E82 /* AppDelegate.swift */,
				67F3FAB32475CDD200C13E82 /* SceneDelegate.swift */,
				67F3FAB52475CDD200C13E82 /* ViewController.swift */,
				67F3FAC52476C0C900C13E82 /* LocalNotification.swift */,
				67F3FAB72475CDD200C13E82 /* Main.storyboard */,
				67F3FABA2475CDD600C13E82 /* Assets.xcassets */,
				67F3FABC2475CDD600C13E82 /* LaunchScreen.storyboard */,
				67F3FABF2475CDD600C13E82 /* Info.plist */,
			);
			path = "MyIOS-Teste";
			sourceTree = "<group>";
		};
/* End PBXGroup section */

/* Begin PBXNativeTarget section */
		67F3FAAD2475CDD200C13E82 /* RemindMeToday */ = {
			isa = PBXNativeTarget;
			buildConfigurationList = 67F3FAC22475CDD600C13E82 /* Build configuration list for PBXNativeTarget "RemindMeToday" */;
			buildPhases = (
				67F3FAAA2475CDD200C13E82 /* Sources */,
				67F3FAAB2475CDD200C13E82 /* Frameworks */,
				67F3FAAC2475CDD200C13E82 /* Resources */,
			);
			buildRules = (
			);
			dependencies = (
			);
			name = RemindMeToday;
			productName = "MyIOS-Teste";
			productReference = 67F3FAAE2475CDD200C13E82 /* RemindMeToday.app */;
			productType = "com.apple.product-type.application";
		};
/* End PBXNativeTarget section */

/* Begin PBXProject section */
		67F3FAA62475CDD200C13E82 /* Project object */ = {
			isa = PBXProject;
			attributes = {
				LastSwiftUpdateCheck = 1140;
				LastUpgradeCheck = 1140;
				ORGANIZATIONNAME = 0rientd;
				TargetAttributes = {
					67F3FAAD2475CDD200C13E82 = {
						CreatedOnToolsVersion = 11.4.1;
					};
				};
			};
			buildConfigurationList = 67F3FAA92475CDD200C13E82 /* Build configuration list for PBXProject "RemindMeToday" */;
			compatibilityVersion = "Xcode 9.3";
			developmentRegion = en;
			hasScannedForEncodings = 0;
			knownRegions = (
				en,
				Base,
			);
			mainGroup = 67F3FAA52475CDD200C13E82;
			productRefGroup = 67F3FAAF2475CDD200C13E82 /* Products */;
			projectDirPath = "";
			projectRoot = "";
			targets = (
				67F3FAAD2475CDD200C13E82 /* RemindMeToday */,
			);
		};
/* End PBXProject section */

/* Begin PBXResourcesBuildPhase section */
		67F3FAAC2475CDD200C13E82 /* Resources */ = {
			isa = PBXResourcesBuildPhase;
			buildActionMask = 2147483647;
			files = (
				67F3FABE2475CDD600C13E82 /* LaunchScreen.storyboard in Resources */,
				67F3FABB2475CDD600C13E82 /* Assets.xcassets in Resources */,
				67F3FAB92475CDD200C13E82 /* Main.storyboard in Resources */,
			);
			runOnlyForDeploymentPostprocessing = 0;
		};
/* End PBXResourcesBuildPhase section */

/* Begin PBXSourcesBuildPhase section */
		67F3FAAA2475CDD200C13E82 /* Sources */ = {
			isa = PBXSourcesBuildPhase;
			buildActionMask = 2147483647;
			files = (
				67F3FAC62476C0C900C13E82 /* LocalNotification.swift in Sources */,
				67F3FAB62475CDD200C13E82 /* ViewController.swift in Sources */,
				67F3FAB22475CDD200C13E82 /* AppDelegate.swift in Sources */,
				67F3FAB42475CDD200C13E82 /* SceneDelegate.swift in Sources */,
			);
			runOnlyForDeploymentPostprocessing = 0;
		};
/* End PBXSourcesBuildPhase section */

/* Begin PBXVariantGroup section */
		67F3FAB72475CDD200C13E82 /* Main.storyboard */ = {
			isa = PBXVariantGroup;
			children = (
				67F3FAB82475CDD200C13E82 /* Base */,
			);
			name = Main.storyboard;
			sourceTree = "<group>";
		};
		67F3FABC2475CDD600C13E82 /* LaunchScreen.storyboard */ = {
			isa = PBXVariantGroup;
			children = (
				67F3FABD2475CDD600C13E82 /* Base */,
			);
			name = LaunchScreen.storyboard;
			sourceTree = "<group>";
		};
/* End PBXVariantGroup section */

/* Begin XCBuildConfiguration section */
		67F3FAC02475CDD600C13E82 /* Debug */ = {
			isa = XCBuildConfiguration;
			buildSettings = {
				ALWAYS_SEARCH_USER_PATHS = NO;
				CLANG_ANALYZER_NONNULL = YES;
				CLANG_ANALYZER_NUMBER_OBJECT_CONVERSION = YES_AGGRESSIVE;
				CLANG_CXX_LANGUAGE_STANDARD = "gnu++14";
				CLANG_CXX_LIBRARY = "libc++";
				CLANG_ENABLE_MODULES = YES;
				CLANG_ENABLE_OBJC_ARC = YES;
				CLANG_ENABLE_OBJC_WEAK = YES;
				CLANG_WARN_BLOCK_CAPTURE_AUTORELEASING = YES;
				CLANG_WARN_BOOL_CONVERSION = YES;
				CLANG_WARN_COMMA = YES;
				CLANG_WARN_CONSTANT_CONVERSION = YES;
				CLANG_WARN_DEPRECATED_OBJC_IMPLEMENTATIONS = YES;
				CLANG_WARN_DIRECT_OBJC_ISA_USAGE = YES_ERROR;
				CLANG_WARN_DOCUMENTATION_COMMENTS = YES;
				CLANG_WARN_EMPTY_BODY = YES;
				CLANG_WARN_ENUM_CONVERSION = YES;
				CLANG_WARN_INFINITE_RECURSION = YES;
				CLANG_WARN_INT_CONVERSION = YES;
				CLANG_WARN_NON_LITERAL_NULL_CONVERSION = YES;
				CLANG_WARN_OBJC_IMPLICIT_RETAIN_SELF = YES;
				CLANG_WARN_OBJC_LITERAL_CONVERSION = YES;
				CLANG_WARN_OBJC_ROOT_CLASS = YES_ERROR;
				CLANG_WARN_RANGE_LOOP_ANALYSIS = YES;
				CLANG_WARN_STRICT_PROTOTYPES = YES;
				CLANG_WARN_SUSPICIOUS_MOVE = YES;
				CLANG_WARN_UNGUARDED_AVAILABILITY = YES_AGGRESSIVE;
				CLANG_WARN_UNREACHABLE_CODE = YES;
				CLANG_WARN__DUPLICATE_METHOD_MATCH = YES;
				COPY_PHASE_STRIP = NO;
				DEBUG_INFORMATION_FORMAT = dwarf;
				ENABLE_STRICT_OBJC_MSGSEND = YES;
				ENABLE_TESTABILITY = YES;
				GCC_C_LANGUAGE_STANDARD = gnu11;
				GCC_DYNAMIC_NO_PIC = NO;
				GCC_NO_COMMON_BLOCKS = YES;
				GCC_OPTIMIZATION_LEVEL = 0;
				GCC_PREPROCESSOR_DEFINITIONS = (
					"DEBUG=1",
					"$(inherited)",
				);
				GCC_WARN_64_TO_32_BIT_CONVERSION = YES;
				GCC_WARN_ABOUT_RETURN_TYPE = YES_ERROR;
				GCC_WARN_UNDECLARED_SELECTOR = YES;
				GCC_WARN_UNINITIALIZED_AUTOS = YES_AGGRESSIVE;
				GCC_WARN_UNUSED_FUNCTION = YES;
				GCC_WARN_UNUSED_VARIABLE = YES;
				IPHONEOS_DEPLOYMENT_TARGET = 13.4;
				MTL_ENABLE_DEBUG_INFO = INCLUDE_SOURCE;
				MTL_FAST_MATH = YES;
				ONLY_ACTIVE_ARCH = YES;
				SDKROOT = iphoneos;
				SWIFT_ACTIVE_COMPILATION_CONDITIONS = DEBUG;
				SWIFT_OPTIMIZATION_LEVEL = "-Onone";
			};
			name = Debug;
		};
		67F3FAC12475CDD600C13E82 /* Release */ = {
			isa = XCBuildConfiguration;
			buildSettings = {
				ALWAYS_SEARCH_USER_PATHS = NO;
				CLANG_ANALYZER_NONNULL = YES;
				CLANG_ANALYZER_NUMBER_OBJECT_CONVERSION = YES_AGGRESSIVE;
				CLANG_CXX_LANGUAGE_STANDARD = "gnu++14";
				CLANG_CXX_LIBRARY = "libc++";
				CLANG_ENABLE_MODULES = YES;
				CLANG_ENABLE_OBJC_ARC = YES;
				CLANG_ENABLE_OBJC_WEAK = YES;
				CLANG_WARN_BLOCK_CAPTURE_AUTORELEASING = YES;
				CLANG_WARN_BOOL_CONVERSION = YES;
				CLANG_WARN_COMMA = YES;
				CLANG_WARN_CONSTANT_CONVERSION = YES;
				CLANG_WARN_DEPRECATED_OBJC_IMPLEMENTATIONS = YES;
				CLANG_WARN_DIRECT_OBJC_ISA_USAGE = YES_ERROR;
				CLANG_WARN_DOCUMENTATION_COMMENTS = YES;
				CLANG_WARN_EMPTY_BODY = YES;
				CLANG_WARN_ENUM_CONVERSION = YES;
				CLANG_WARN_INFINITE_RECURSION = YES;
				CLANG_WARN_INT_CONVERSION = YES;
				CLANG_WARN_NON_LITERAL_NULL_CONVERSION = YES;
				CLANG_WARN_OBJC_IMPLICIT_RETAIN_SELF = YES;
				CLANG_WARN_OBJC_LITERAL_CONVERSION = YES;
				CLANG_WARN_OBJC_ROOT_CLASS = YES_ERROR;
				CLANG_WARN_RANGE_LOOP_ANALYSIS = YES;
				CLANG_WARN_STRICT_PROTOTYPES = YES;
				CLANG_WARN_SUSPICIOUS_MOVE = YES;
				CLANG_WARN_UNGUARDED_AVAILABILITY = YES_AGGRESSIVE;
				CLANG_WARN_UNREACHABLE_CODE = YES;
				CLANG_WARN__DUPLICATE_METHOD_MATCH = YES;
				COPY_PHASE_STRIP = NO;
				DEBUG_INFORMATION_FORMAT = "dwarf-with-dsym";
				ENABLE_NS_ASSERTIONS = NO;
				ENABLE_STRICT_OBJC_MSGSEND = YES;
				GCC_C_LANGUAGE_STANDARD = gnu11;
				GCC_NO_COMMON_BLOCKS = YES;
				GCC_WARN_64_TO_32_BIT_CONVERSION = YES;
				GCC_WARN_ABOUT_RETURN_TYPE = YES_ERROR;
				GCC_WARN_UNDECLARED_SELECTOR = YES;
				GCC_WARN_UNINITIALIZED_AUTOS = YES_AGGRESSIVE;
				GCC_WARN_UNUSED_FUNCTION = YES;
				GCC_WARN_UNUSED_VARIABLE = YES;
				IPHONEOS_DEPLOYMENT_TARGET = 13.4;
				MTL_ENABLE_DEBUG_INFO = NO;
				MTL_FAST_MATH = YES;
				SDKROOT = iphoneos;
				SWIFT_COMPILATION_MODE = wholemodule;
				SWIFT_OPTIMIZATION_LEVEL = "-O";
				VALIDATE_PRODUCT = YES;
			};
			name = Release;
		};
		67F3FAC32475CDD600C13E82 /* Debug */ = {
			isa = XCBuildConfiguration;
			buildSettings = {
				ASSETCATALOG_COMPILER_APPICON_NAME = AppIcon;
				CODE_SIGN_STYLE = Automatic;
				DEVELOPMENT_TEAM = 545L3SRNC5;
				INFOPLIST_FILE = "MyIOS-Teste/Info.plist";
				LD_RUNPATH_SEARCH_PATHS = (
					"$(inherited)",
					"@executable_path/Frameworks",
				);
				PRODUCT_BUNDLE_IDENTIFIER = "orientd.MyIOS-Teste";
				PRODUCT_NAME = "$(TARGET_NAME)";
				SWIFT_VERSION = 5.0;
				TARGETED_DEVICE_FAMILY = "1,2";
			};
			name = Debug;
		};
		67F3FAC42475CDD600C13E82 /* Release */ = {
			isa = XCBuildConfiguration;
			buildSettings = {
				ASSETCATALOG_COMPILER_APPICON_NAME = AppIcon;
				CODE_SIGN_STYLE = Automatic;
				DEVELOPMENT_TEAM = 545L3SRNC5;
				INFOPLIST_FILE = "MyIOS-Teste/Info.plist";
				LD_RUNPATH_SEARCH_PATHS = (
					"$(inherited)",
					"@executable_path/Frameworks",
				);
				PRODUCT_BUNDLE_IDENTIFIER = "orientd.MyIOS-Teste";
				PRODUCT_NAME = "$(TARGET_NAME)";
				SWIFT_VERSION = 5.0;
				TARGETED_DEVICE_FAMILY = "1,2";
			};
			name = Release;
		};
/* End XCBuildConfiguration section */

/* Begin XCConfigurationList section */
		67F3FAA92475CDD200C13E82 /* Build configuration list for PBXProject "RemindMeToday" */ = {
			isa = XCConfigurationList;
			buildConfigurations = (
				67F3FAC02475CDD600C13E82 /* Debug */,
				67F3FAC12475CDD600C13E82 /* Release */,
			);
			defaultConfigurationIsVisible = 0;
			defaultConfigurationName = Release;
		};
		67F3FAC22475CDD600C13E82 /* Build configuration list for PBXNativeTarget "RemindMeToday" */ = {
			isa = XCConfigurationList;
			buildConfigurations = (
				67F3FAC32475CDD600C13E82 /* Debug */,
				67F3FAC42475CDD600C13E82 /* Release */,
			);
			defaultConfigurationIsVisible = 0;
			defaultConfigurationName = Release;
		};
/* End XCConfigurationList section */
	};
	rootObject = 67F3FAA62475CDD200C13E82 /* Project object */;
}
